
Microsoft Visual Studio Solution File, Format Version 12.00
# Visual Studio 15
VisualStudioVersion = 15.0.28010.2003
MinimumVisualStudioVersion = 10.0.40219.1
Project("{FAE04EC0-301F-11D3-BF4B-00C04F79EFBC}") = "Chapter 12 figures", "PayableInterfaceTest\Chapter 12 figures.csproj", "{09DF1CF9-5638-42F9-8D14-A4F06EDA578C}"
EndProject
Global
	GlobalSection(SolutionConfigurationPlatforms) = preSolution
		Debug|Any CPU = Debug|Any CPU
		Release|Any CPU = Release|Any CPU
	EndGlobalSection
	GlobalSection(ProjectConfigurationPlatforms) = postSolution
		{09DF1CF9-5638-42F9-8D14-A4F06EDA578C}.Debug|Any CPU.ActiveCfg = Debug|Any CPU
		{09DF1CF9-5638-42F9-8D14-A4F06EDA578C}.Debug|Any CPU.Build.0 = Debug|Any CPU
		{09DF1CF9-5638-42F9-8D14-A4F06EDA578C}.Release|Any CPU.ActiveCfg = Release|Any CPU
		{09DF1CF9-5638-42F9-8D14-A4F06EDA578C}.Release|Any CPU.Build.0 = Release|Any CPU
	EndGlobalSection
	GlobalSection(SolutionProperties) = preSolution
		HideSolutionNode = FALSE
	EndGlobalSection
	GlobalSection(ExtensibilityGlobals) = postSolution
		SolutionGuid = {E8BC2F2A-0885-44CA-B83E-084C22CDDBF1}
	EndGlobalSection
EndGlobal
